{
  "name": "jssm-viz-demo",
  "version": "1.0.0",
  "lockfileVersion": 1,
  "requires": true,
  "dependencies": {
    "jssm": {
      "version": "3.1.14",
      "resolved": "https://registry.npmjs.org/jssm/-/jssm-3.1.14.tgz",
      "integrity": "sha512-K1gVziEAtUFUETNgHkxpWz8sIZugp9mCqCa0/vTZ6CYgPBq/8EnJWw+QvOpPuU6mpFRckIRC2xzyXzbxvcpm0Q==",
      "dev": true
    },
    "jssm-viz": {
      "version": "0.6.4",
      "resolved": "https://registry.npmjs.org/jssm-viz/-/jssm-viz-0.6.4.tgz",
      "integrity": "sha512-Dl0XxDbeEZZcTasaeMlT4efd7OkepyK0H61dImXHPIne6r2+fN78bf51BzMzf2yCyo7R8B6PNCMxs7YziH7A0A==",
      "dev": true
    }
  }
}
