{
  "name": "jssm-viz-demo",
  "version": "1.3.1",
  "lockfileVersion": 1,
  "requires": true,
  "dependencies": {
    "ace-builds": {
      "version": "1.2.8",
      "resolved": "https://registry.npmjs.org/ace-builds/-/ace-builds-1.2.8.tgz",
      "integrity": "sha1-Bi3EV3KwDs5qVHomajCB/ldZEQM=",
      "dev": true
    },
    "jssm": {
      "version": "5.6.1",
      "resolved": "https://registry.npmjs.org/jssm/-/jssm-5.6.1.tgz",
      "integrity": "sha512-U1le75fhznd/gIQGp6Mdkc7EvGlpAID1lnEAPsBa6Pw0ynBqHsMn7uOIPM0T39JxlWZpdiiY8zz7lYU4N9HfNQ=="
    },
    "jssm-viz": {
      "version": "1.1.5",
      "resolved": "https://registry.npmjs.org/jssm-viz/-/jssm-viz-1.1.5.tgz",
      "integrity": "sha512-QoDWgrFzQt5btsHt0dZ6vz4mzBAbe+5fx0gIJ+OYuzDlXb+aRbUgT/wp8VKk45kwcxpV1DW0yYCwmlErPDuZnA==",
      "requires": {
        "jssm": "5.6.1"
      }
    }
  }
}
