{
  "name": "jssm-viz-demo",
  "version": "1.1.2",
  "lockfileVersion": 1,
  "requires": true,
  "dependencies": {
    "ace-code-editor": {
      "version": "1.2.3",
      "resolved": "https://registry.npmjs.org/ace-code-editor/-/ace-code-editor-1.2.3.tgz",
      "integrity": "sha1-plpTOHnW4Pn9tecS0u5GsgeaUd4=",
      "dev": true,
      "requires": {
        "mime": "1.2.11"
      }
    },
    "jssm": {
      "version": "4.6.0",
      "resolved": "https://registry.npmjs.org/jssm/-/jssm-4.6.0.tgz",
      "integrity": "sha512-GLhM27qmwoDyamvLInvGoThnKblKT0YQhmFzdAmBbtL4i89DyEvnuQ0OYIevKxNvfaKq7TGC71cxMoKu0evMQA==",
      "dev": true
    },
    "jssm-viz": {
      "version": "1.1.1",
      "resolved": "https://registry.npmjs.org/jssm-viz/-/jssm-viz-1.1.1.tgz",
      "integrity": "sha512-2VscrPR+HARBcCBJC0i5S+aKke5J4FcaZh/AjKGqrANm2uWEJIaOzQmKqzQgxjTf4UJInbaUSalwqtzYgQmrig==",
      "dev": true
    },
    "mime": {
      "version": "1.2.11",
      "resolved": "https://registry.npmjs.org/mime/-/mime-1.2.11.tgz",
      "integrity": "sha1-WCA+7Ybjpe8XrtK32evUfwpg3RA=",
      "dev": true
    }
  }
}
